
Microsoft Visual Studio Solution File, Format Version 12.00
# Visual Studio Version 17
VisualStudioVersion = 17.6.33815.320
MinimumVisualStudioVersion = 10.0.40219.1
Project("{FAE04EC0-301F-11D3-BF4B-00C04F79EFBC}") = "Minesweeper", "Minesweeper\Minesweeper.csproj", "{09330C04-292B-476A-8533-DECB056ED688}"
EndProject
Global
	GlobalSection(SolutionConfigurationPlatforms) = preSolution
		Debug|Any CPU = Debug|Any CPU
		Release|Any CPU = Release|Any CPU
	EndGlobalSection
	GlobalSection(ProjectConfigurationPlatforms) = postSolution
		{09330C04-292B-476A-8533-DECB056ED688}.Debug|Any CPU.ActiveCfg = Debug|Any CPU
		{09330C04-292B-476A-8533-DECB056ED688}.Debug|Any CPU.Build.0 = Debug|Any CPU
		{09330C04-292B-476A-8533-DECB056ED688}.Release|Any CPU.ActiveCfg = Release|Any CPU
		{09330C04-292B-476A-8533-DECB056ED688}.Release|Any CPU.Build.0 = Release|Any CPU
	EndGlobalSection
	GlobalSection(SolutionProperties) = preSolution
		HideSolutionNode = FALSE
	EndGlobalSection
	GlobalSection(ExtensibilityGlobals) = postSolution
		SolutionGuid = {31A2272A-0A1F-4804-A5C0-10CDB6FEFA5C}
	EndGlobalSection
EndGlobal
